
Microsoft Visual Studio Solution File, Format Version 12.00
# Visual Studio Version 16
VisualStudioVersion = 16.0.29521.150
MinimumVisualStudioVersion = 10.0.40219.1
Project("{9A19103F-16F7-4668-BE54-9A1E7A4F7556}") = "BlazorMovies.Server", "BlazorMovies\Server\BlazorMovies.Server.csproj", "{A929F908-98C4-4488-AA65-AE6CE825B3A3}"
EndProject
Project("{9A19103F-16F7-4668-BE54-9A1E7A4F7556}") = "BlazorMovies.Client", "BlazorMovies\Client\BlazorMovies.Client.csproj", "{3577B9F9-DE3A-468A-887C-40E6A6C4D28B}"
EndProject
Project("{9A19103F-16F7-4668-BE54-9A1E7A4F7556}") = "BlazorMovies.Shared", "BlazorMovies\Shared\BlazorMovies.Shared.csproj", "{CD14F511-F615-4459-9DD3-8A653B65EB8A}"
EndProject
Global
	GlobalSection(SolutionConfigurationPlatforms) = preSolution
		Debug|Any CPU = Debug|Any CPU
		Release|Any CPU = Release|Any CPU
	EndGlobalSection
	GlobalSection(ProjectConfigurationPlatforms) = postSolution
		{A929F908-98C4-4488-AA65-AE6CE825B3A3}.Debug|Any CPU.ActiveCfg = Debug|Any CPU
		{A929F908-98C4-4488-AA65-AE6CE825B3A3}.Debug|Any CPU.Build.0 = Debug|Any CPU
		{A929F908-98C4-4488-AA65-AE6CE825B3A3}.Release|Any CPU.ActiveCfg = Release|Any CPU
		{A929F908-98C4-4488-AA65-AE6CE825B3A3}.Release|Any CPU.Build.0 = Release|Any CPU
		{3577B9F9-DE3A-468A-887C-40E6A6C4D28B}.Debug|Any CPU.ActiveCfg = Debug|Any CPU
		{3577B9F9-DE3A-468A-887C-40E6A6C4D28B}.Debug|Any CPU.Build.0 = Debug|Any CPU
		{3577B9F9-DE3A-468A-887C-40E6A6C4D28B}.Release|Any CPU.ActiveCfg = Release|Any CPU
		{3577B9F9-DE3A-468A-887C-40E6A6C4D28B}.Release|Any CPU.Build.0 = Release|Any CPU
		{CD14F511-F615-4459-9DD3-8A653B65EB8A}.Debug|Any CPU.ActiveCfg = Debug|Any CPU
		{CD14F511-F615-4459-9DD3-8A653B65EB8A}.Debug|Any CPU.Build.0 = Debug|Any CPU
		{CD14F511-F615-4459-9DD3-8A653B65EB8A}.Release|Any CPU.ActiveCfg = Release|Any CPU
		{CD14F511-F615-4459-9DD3-8A653B65EB8A}.Release|Any CPU.Build.0 = Release|Any CPU
	EndGlobalSection
	GlobalSection(SolutionProperties) = preSolution
		HideSolutionNode = FALSE
	EndGlobalSection
	GlobalSection(ExtensibilityGlobals) = postSolution
		SolutionGuid = {13037B12-C02E-42CC-B95C-75AC7466619D}
	EndGlobalSection
EndGlobal
